version: 6
environments:
  default:
    channels:
    - url: https://conda.anaconda.org/conda-forge/
    packages:
      win-64:
      - conda: https://conda.anaconda.org/conda-forge/win-64/_libavif_api-1.1.1-h57928b3_2.conda
      - conda: https://conda.anaconda.org/conda-forge/win-64/aom-3.9.1-he0c23c2_0.conda
      - conda: https://conda.anaconda.org/conda-forge/win-64/blosc-1.21.6-hfd34d9b_1.conda
      - conda: https://conda.anaconda.org/conda-forge/win-64/bzip2-1.0.8-h2466b09_7.conda
      - conda: https://conda.anaconda.org/conda-forge/win-64/ca-certificates-2025.1.31-h56e8100_0.conda
      - conda: https://conda.anaconda.org/conda-forge/win-64/dav1d-1.2.1-hcfcfb64_0.conda
      - conda: https://conda.anaconda.org/conda-forge/win-64/doxygen-1.13.2-hbf3f430_0.conda
      - conda: https://conda.anaconda.org/conda-forge/win-64/freexl-2.0.0-hf297d47_2.conda
      - conda: https://conda.anaconda.org/conda-forge/win-64/gdal-3.10.2-py313h95e4aa7_0.conda
      - conda: https://conda.anaconda.org/conda-forge/win-64/geos-3.13.0-h5a68840_0.conda
      - conda: https://conda.anaconda.org/conda-forge/win-64/geotiff-1.7.4-h887f4e7_0.conda
      - conda: https://conda.anaconda.org/conda-forge/win-64/intel-openmp-2024.2.1-h57928b3_1083.conda
      - conda: https://conda.anaconda.org/conda-forge/win-64/krb5-1.21.3-hdf4eb48_0.conda
      - conda: https://conda.anaconda.org/conda-forge/win-64/lerc-4.0.0-h63175ca_0.tar.bz2
      - conda: https://conda.anaconda.org/conda-forge/win-64/libarchive-3.7.7-h979ed78_3.conda
      - conda: https://conda.anaconda.org/conda-forge/win-64/libavif16-1.1.1-h4d049a7_2.conda
      - conda: https://conda.anaconda.org/conda-forge/win-64/libblas-3.9.0-31_h641d27c_mkl.conda
      - conda: https://conda.anaconda.org/conda-forge/win-64/libcblas-3.9.0-31_h5e41251_mkl.conda
      - conda: https://conda.anaconda.org/conda-forge/win-64/libcurl-8.12.1-h88aaa65_0.conda
      - conda: https://conda.anaconda.org/conda-forge/win-64/libde265-1.0.15-h91493d7_0.conda
      - conda: https://conda.anaconda.org/conda-forge/win-64/libdeflate-1.23-h9062f6e_0.conda
      - conda: https://conda.anaconda.org/conda-forge/win-64/libexpat-2.6.4-he0c23c2_0.conda
      - conda: https://conda.anaconda.org/conda-forge/win-64/libffi-3.4.6-h537db12_0.conda
      - conda: https://conda.anaconda.org/conda-forge/win-64/libgdal-core-3.10.2-h095903c_0.conda
      - conda: https://conda.anaconda.org/conda-forge/win-64/libheif-1.19.5-gpl_hc631cee_100.conda
      - conda: https://conda.anaconda.org/conda-forge/win-64/libhwloc-2.11.2-default_ha69328c_1001.conda
      - conda: https://conda.anaconda.org/conda-forge/win-64/libiconv-1.18-h135ad9c_1.conda
      - conda: https://conda.anaconda.org/conda-forge/win-64/libjpeg-turbo-3.0.0-hcfcfb64_1.conda
      - conda: https://conda.anaconda.org/conda-forge/win-64/libkml-1.3.0-h538826c_1021.conda
      - conda: https://conda.anaconda.org/conda-forge/win-64/liblapack-3.9.0-31_h1aa476e_mkl.conda
      - conda: https://conda.anaconda.org/conda-forge/win-64/liblzma-5.6.4-h2466b09_0.conda
      - conda: https://conda.anaconda.org/conda-forge/win-64/libmpdec-4.0.0-h2466b09_0.conda
      - conda: https://conda.anaconda.org/conda-forge/win-64/libpng-1.6.47-had7236b_0.conda
      - conda: https://conda.anaconda.org/conda-forge/win-64/librttopo-1.1.0-hd4c2148_17.conda
      - conda: https://conda.anaconda.org/conda-forge/win-64/libspatialite-5.1.0-h939089a_12.conda
      - conda: https://conda.anaconda.org/conda-forge/win-64/libsqlite-3.49.1-h67fdade_1.conda
      - conda: https://conda.anaconda.org/conda-forge/win-64/libssh2-1.11.1-he619c9f_0.conda
      - conda: https://conda.anaconda.org/conda-forge/win-64/libtiff-4.7.0-h797046b_3.conda
      - conda: https://conda.anaconda.org/conda-forge/win-64/libwebp-base-1.5.0-h3b0e114_0.conda
      - conda: https://conda.anaconda.org/conda-forge/win-64/libwinpthread-12.0.0.r4.gg4f2fc60ca-h57928b3_9.conda
      - conda: https://conda.anaconda.org/conda-forge/win-64/libxml2-2.13.6-he286e8c_0.conda
      - conda: https://conda.anaconda.org/conda-forge/win-64/libzlib-1.3.1-h2466b09_2.conda
      - conda: https://conda.anaconda.org/conda-forge/win-64/lz4-c-1.10.0-h2466b09_1.conda
      - conda: https://conda.anaconda.org/conda-forge/win-64/lzo-2.10-hcfcfb64_1001.conda
      - conda: https://conda.anaconda.org/conda-forge/win-64/minizip-4.0.7-h9fa1bad_3.conda
      - conda: https://conda.anaconda.org/conda-forge/win-64/mkl-2024.2.2-h66d3029_15.conda
      - conda: https://conda.anaconda.org/conda-forge/win-64/numpy-2.2.3-py313hefb8edb_0.conda
      - conda: https://conda.anaconda.org/conda-forge/win-64/openssl-3.4.1-ha4e3fda_0.conda
      - conda: https://conda.anaconda.org/conda-forge/win-64/pcre2-10.44-h3d7b363_2.conda
      - conda: https://conda.anaconda.org/conda-forge/noarch/pip-25.0.1-pyh145f28c_0.conda
      - conda: https://conda.anaconda.org/conda-forge/win-64/proj-9.5.1-h4f671f6_0.conda
      - conda: https://conda.anaconda.org/conda-forge/win-64/python-3.13.2-h261c0b1_101_cp313.conda
      - conda: https://conda.anaconda.org/conda-forge/win-64/python_abi-3.13-5_cp313.conda
      - conda: https://conda.anaconda.org/conda-forge/win-64/rav1e-0.6.6-h975169c_2.conda
      - conda: https://conda.anaconda.org/conda-forge/win-64/snappy-1.2.1-h500f7fa_1.conda
      - conda: https://conda.anaconda.org/conda-forge/win-64/sqlite-3.49.1-h2466b09_1.conda
      - conda: https://conda.anaconda.org/conda-forge/win-64/svt-av1-2.3.0-he0c23c2_0.conda
      - conda: https://conda.anaconda.org/conda-forge/win-64/tbb-2021.13.0-h62715c5_1.conda
      - conda: https://conda.anaconda.org/conda-forge/win-64/tk-8.6.13-h5226925_1.conda
      - conda: https://conda.anaconda.org/conda-forge/noarch/tzdata-2025a-h78e105d_0.conda
      - conda: https://conda.anaconda.org/conda-forge/win-64/ucrt-10.0.22621.0-h57928b3_1.conda
      - conda: https://conda.anaconda.org/conda-forge/win-64/uriparser-0.9.8-h5a68840_0.conda
      - conda: https://conda.anaconda.org/conda-forge/win-64/vc-14.3-h5fd82a7_24.conda
      - conda: https://conda.anaconda.org/conda-forge/win-64/vc14_runtime-14.42.34433-h6356254_24.conda
      - conda: https://conda.anaconda.org/conda-forge/win-64/vs2015_runtime-14.42.34433-hfef2bbc_24.conda
      - conda: https://conda.anaconda.org/conda-forge/win-64/x265-3.5-h2d74725_3.tar.bz2
      - conda: https://conda.anaconda.org/conda-forge/win-64/xerces-c-3.2.5-he0c23c2_2.conda
      - conda: https://conda.anaconda.org/conda-forge/win-64/zlib-1.3.1-h2466b09_2.conda
      - conda: https://conda.anaconda.org/conda-forge/win-64/zstd-1.5.7-hbeecb71_0.conda
packages:
- conda: https://conda.anaconda.org/conda-forge/win-64/_libavif_api-1.1.1-h57928b3_2.conda
  sha256: b99b8948a170ff721ea958ee04a4431797070e85dd6942cb27b73ac3102e5145
  md5: 76cf1f62c9a62d6b8f44339483e0f016
  size: 9286
  timestamp: 1730268773319
- conda: https://conda.anaconda.org/conda-forge/win-64/aom-3.9.1-he0c23c2_0.conda
  sha256: 0524d0c0b61dacd0c22ac7a8067f977b1d52380210933b04141f5099c5b6fec7
  md5: 3d7c14285d3eb3239a76ff79063f27a5
  depends:
  - ucrt >=10.0.20348.0
  - vc >=14.2,<15
  - vc14_runtime >=14.29.30139
  license: BSD-2-Clause
  license_family: BSD
  size: 1958151
  timestamp: 1718551737234
- conda: https://conda.anaconda.org/conda-forge/win-64/blosc-1.21.6-hfd34d9b_1.conda
  sha256: 9303a7a0e03cf118eab3691013f6d6cbd1cbac66efbc70d89b20f5d0145257c0
  md5: 357d7be4146d5fec543bfaa96a8a40de
  depends:
  - libzlib >=1.3.1,<2.0a0
  - lz4-c >=1.10.0,<1.11.0a0
  - snappy >=1.2.1,<1.3.0a0
  - ucrt >=10.0.20348.0
  - vc >=14.2,<15
  - vc14_runtime >=14.29.30139
  - zstd >=1.5.6,<1.6.0a0
  license: BSD-3-Clause
  license_family: BSD
  size: 49840
  timestamp: 1733513605730
- conda: https://conda.anaconda.org/conda-forge/win-64/bzip2-1.0.8-h2466b09_7.conda
  sha256: 35a5dad92e88fdd7fc405e864ec239486f4f31eec229e31686e61a140a8e573b
  md5: 276e7ffe9ffe39688abc665ef0f45596
  depends:
  - ucrt >=10.0.20348.0
  - vc >=14.2,<15
  - vc14_runtime >=14.29.30139
  license: bzip2-1.0.6
  license_family: BSD
  size: 54927
  timestamp: 1720974860185
- conda: https://conda.anaconda.org/conda-forge/win-64/ca-certificates-2025.1.31-h56e8100_0.conda
  sha256: 1bedccdf25a3bd782d6b0e57ddd97cdcda5501716009f2de4479a779221df155
  md5: 5304a31607974dfc2110dfbb662ed092
  license: ISC
  size: 158690
  timestamp: 1738298232550
- conda: https://conda.anaconda.org/conda-forge/win-64/dav1d-1.2.1-hcfcfb64_0.conda
  sha256: 2aa2083c9c186da7d6f975ccfbef654ed54fff27f4bc321dbcd12cee932ec2c4
  md5: ed2c27bda330e3f0ab41577cf8b9b585
  depends:
  - ucrt >=10.0.20348.0
  - vc >=14.2,<15
  - vc14_runtime >=14.29.30139
  license: BSD-2-Clause
  license_family: BSD
  size: 618643
  timestamp: 1685696352968
- conda: https://conda.anaconda.org/conda-forge/win-64/doxygen-1.13.2-hbf3f430_0.conda
  sha256: 7a0fd40fd704e97a8f6533a081ba29579766d7a60bcb8e5de76679b066c4a72e
  md5: 5cb2e11931773612d7a24b53f0c57594
  depends:
  - libiconv >=1.17,<2.0a0
  - ucrt >=10.0.20348.0
  - vc >=14.2,<15
  - vc14_runtime >=14.29.30139
  license: GPL-2.0-only
  license_family: GPL
  size: 9219343
  timestamp: 1738165042524
- conda: https://conda.anaconda.org/conda-forge/win-64/freexl-2.0.0-hf297d47_2.conda
  sha256: 1e62cbc6daa74656034dc4a6e58faa2d50291719c1cba53cc0b1946f0d2b9404
  md5: d6a8059de245e53478b581742b53f71d
  depends:
  - libexpat >=2.6.4,<3.0a0
  - libiconv >=1.17,<2.0a0
  - minizip >=4.0.7,<5.0a0
  - ucrt >=10.0.20348.0
  - vc >=14.2,<15
  - vc14_runtime >=14.29.30139
  license: MPL-1.1
  license_family: MOZILLA
  size: 77528
  timestamp: 1734015193826
- conda: https://conda.anaconda.org/conda-forge/win-64/gdal-3.10.2-py313h95e4aa7_0.conda
  sha256: 1a835e71d1fd49042bdc031d79b8d859f38699d94f233d6d373f7acd546ac831
  md5: 1a2c0e3666df8d1ac9a69e70642bbdb6
  depends:
  - libgdal-core 3.10.2.*
  - libkml >=1.3.0,<1.4.0a0
  - liblzma >=5.6.4,<6.0a0
  - libxml2 >=2.13.5,<3.0a0
  - numpy >=1.21,<3
  - python >=3.13,<3.14.0a0
  - python_abi 3.13.* *_cp313
  - ucrt >=10.0.20348.0
  - vc >=14.2,<15
  - vc14_runtime >=14.29.30139
  license: MIT
  license_family: MIT
  size: 1666010
  timestamp: 1739630201435
- conda: https://conda.anaconda.org/conda-forge/win-64/geos-3.13.0-h5a68840_0.conda
  sha256: 2b46d6f304f70dfca304169299908b558bd1e83992acb5077766eefa3d3fe35f
  md5: 08a30fe29a645fc5c768c0968db116d3
  depends:
  - ucrt >=10.0.20348.0
  - vc >=14.2,<15
  - vc14_runtime >=14.29.30139
  license: LGPL-2.1-only
  size: 1665961
  timestamp: 1725676536384
- conda: https://conda.anaconda.org/conda-forge/win-64/geotiff-1.7.4-h887f4e7_0.conda
  sha256: f0435dd63c97ad9e8d35a2c1d55c823c50dac82a8dffd8d41c79c0305fa0cc2b
  md5: d5edee34ab83553450b1225cf0a14273
  depends:
  - libjpeg-turbo >=3.0.0,<4.0a0
  - libtiff >=4.7.0,<4.8.0a0
  - libzlib >=1.3.1,<2.0a0
  - proj >=9.5.1,<9.6.0a0
  - ucrt >=10.0.20348.0
  - vc >=14.2,<15
  - vc14_runtime >=14.29.30139
  - zlib
  license: MIT
  license_family: MIT
  size: 123341
  timestamp: 1739975151946
- conda: https://conda.anaconda.org/conda-forge/win-64/intel-openmp-2024.2.1-h57928b3_1083.conda
  sha256: 0fd2b0b84c854029041b0ede8f4c2369242ee92acc0092f8407b1fe9238a8209
  md5: 2d89243bfb53652c182a7c73182cce4f
  license: LicenseRef-IntelSimplifiedSoftwareOct2022
  license_family: Proprietary
  size: 1852356
  timestamp: 1723739573141
- conda: https://conda.anaconda.org/conda-forge/win-64/krb5-1.21.3-hdf4eb48_0.conda
  sha256: 18e8b3430d7d232dad132f574268f56b3eb1a19431d6d5de8c53c29e6c18fa81
  md5: 31aec030344e962fbd7dbbbbd68e60a9
  depends:
  - openssl >=3.3.1,<4.0a0
  - ucrt >=10.0.20348.0
  - vc >=14.2,<15
  - vc14_runtime >=14.29.30139
  license: MIT
  license_family: MIT
  size: 712034
  timestamp: 1719463874284
- conda: https://conda.anaconda.org/conda-forge/win-64/lerc-4.0.0-h63175ca_0.tar.bz2
  sha256: f4f39d7f6a2f9b407f8fb567a6c25755270421731d70f0ff331f5de4fa367488
  md5: 1900cb3cab5055833cfddb0ba233b074
  depends:
  - vc >=14.2,<15
  - vs2015_runtime >=14.29.30037
  license: Apache-2.0
  license_family: Apache
  size: 194365
  timestamp: 1657977692274
- conda: https://conda.anaconda.org/conda-forge/win-64/libarchive-3.7.7-h979ed78_3.conda
  sha256: 3a44d5584db995497ea96d911a2419b6920317b927af7f1df8464cd5492f5ab3
  md5: 7c29b6918c2aa6a44ed32e2cf816da7b
  depends:
  - bzip2 >=1.0.8,<2.0a0
  - liblzma >=5.6.3,<6.0a0
  - libxml2 >=2.13.5,<3.0a0
  - libzlib >=1.3.1,<2.0a0
  - lz4-c >=1.10.0,<1.11.0a0
  - lzo >=2.10,<3.0a0
  - openssl >=3.4.0,<4.0a0
  - ucrt >=10.0.20348.0
  - vc >=14.2,<15
  - vc14_runtime >=14.29.30139
  - zstd >=1.5.6,<1.6.0a0
  license: BSD-2-Clause
  license_family: BSD
  size: 1082930
  timestamp: 1734021400781
- conda: https://conda.anaconda.org/conda-forge/win-64/libavif16-1.1.1-h4d049a7_2.conda
  sha256: f74662ac8325dedbc786bf4f3faef39ad4981739cf0239c2ea2d80c791b04de5
  md5: e7e7405d962ebcb6803f29dc4eabae69
  depends:
  - _libavif_api >=1.1.1,<1.1.2.0a0
  - aom >=3.9.1,<3.10.0a0
  - dav1d >=1.2.1,<1.2.2.0a0
  - rav1e >=0.6.6,<1.0a0
  - svt-av1 >=2.3.0,<2.3.1.0a0
  - ucrt >=10.0.20348.0
  - vc >=14.2,<15
  - vc14_runtime >=14.29.30139
  license: BSD-2-Clause
  license_family: BSD
  size: 97828
  timestamp: 1730269135854
- conda: https://conda.anaconda.org/conda-forge/win-64/libblas-3.9.0-31_h641d27c_mkl.conda
  build_number: 31
  sha256: 7bb4d5b591e98fe607279520ee78e3571a297b5720aa789a2536041ad5540de8
  md5: d05563c577fe2f37693a554b3f271e8f
  depends:
  - mkl 2024.2.2 h66d3029_15
  constrains:
  - libcblas =3.9.0=31*_mkl
  - blas =2.131=mkl
  - liblapacke =3.9.0=31*_mkl
  - liblapack =3.9.0=31*_mkl
  license: BSD-3-Clause
  size: 3733728
  timestamp: 1740088452830
- conda: https://conda.anaconda.org/conda-forge/win-64/libcblas-3.9.0-31_h5e41251_mkl.conda
  build_number: 31
  sha256: 609f455b099919bd4d15d4a733f493dc789e02da73fe4474f1cca73afafb95b8
  md5: 43c100b94ad2607382b0cf0f3a6b0bf3
  depends:
  - libblas 3.9.0 31_h641d27c_mkl
  constrains:
  - blas =2.131=mkl
  - liblapacke =3.9.0=31*_mkl
  - liblapack =3.9.0=31*_mkl
  license: BSD-3-Clause
  size: 3733549
  timestamp: 1740088502127
- conda: https://conda.anaconda.org/conda-forge/win-64/libcurl-8.12.1-h88aaa65_0.conda
  sha256: 4c8e62fd32d59e5fbfad0f37e33083928bbb3c8800258650d4e7911e6f6fd1aa
  md5: 2b1c729d91f3b07502981b6e0c7727cc
  depends:
  - krb5 >=1.21.3,<1.22.0a0
  - libssh2 >=1.11.1,<2.0a0
  - libzlib >=1.3.1,<2.0a0
  - ucrt >=10.0.20348.0
  - vc >=14.2,<15
  - vc14_runtime >=14.29.30139
  license: curl
  license_family: MIT
  size: 349696
  timestamp: 1739512628733
- conda: https://conda.anaconda.org/conda-forge/win-64/libde265-1.0.15-h91493d7_0.conda
  sha256: f52c603151743486d2faec37e161c60731001d9c955e0f12ac9ad334c1119116
  md5: 9dc3c1fbc1c7bc6204e8a603f45e156b
  depends:
  - ucrt >=10.0.20348.0
  - vc >=14.2,<15
  - vc14_runtime >=14.29.30139
  license: LGPL-3.0-or-later
  license_family: LGPL
  size: 252968
  timestamp: 1703089151021
- conda: https://conda.anaconda.org/conda-forge/win-64/libdeflate-1.23-h9062f6e_0.conda
  sha256: 96c47725a8258159295996ea2758fa0ff9bea330e72b59641642e16be8427ce8
  md5: a9624935147a25b06013099d3038e467
  depends:
  - ucrt >=10.0.20348.0
  - vc >=14.2,<15
  - vc14_runtime >=14.29.30139
  license: MIT
  license_family: MIT
  size: 155723
  timestamp: 1734374084110
- conda: https://conda.anaconda.org/conda-forge/win-64/libexpat-2.6.4-he0c23c2_0.conda
  sha256: 0c0447bf20d1013d5603499de93a16b6faa92d7ead870d96305c0f065b6a5a12
  md5: eb383771c680aa792feb529eaf9df82f
  depends:
  - ucrt >=10.0.20348.0
  - vc >=14.2,<15
  - vc14_runtime >=14.29.30139
  constrains:
  - expat 2.6.4.*
  license: MIT
  license_family: MIT
  size: 139068
  timestamp: 1730967442102
- conda: https://conda.anaconda.org/conda-forge/win-64/libffi-3.4.6-h537db12_0.conda
  sha256: 77922d8dd2faf88ac6accaeebf06409d1820486fde710cff6b554d12273e46be
  md5: 31d5107f75b2f204937728417e2e39e5
  depends:
  - ucrt >=10.0.20348.0
  - vc >=14.2,<15
  - vc14_runtime >=14.29.30139
  license: MIT
  license_family: MIT
  size: 40830
  timestamp: 1739260917585
- conda: https://conda.anaconda.org/conda-forge/win-64/libgdal-core-3.10.2-h095903c_0.conda
  sha256: e387998eee0468570dd87764d0c78d94f7d9d5846cdfa050f71f3fe01f8941b9
  md5: 91f3b8afc65762e8710b50bdda8116c7
  depends:
  - blosc >=1.21.6,<2.0a0
  - geos >=3.13.0,<3.13.1.0a0
  - geotiff >=1.7.3,<1.8.0a0
  - lerc >=4.0.0,<5.0a0
  - libarchive >=3.7.7,<3.8.0a0
  - libcurl >=8.12.1,<9.0a0
  - libdeflate >=1.23,<1.24.0a0
  - libexpat >=2.6.4,<3.0a0
  - libheif >=1.19.5,<1.20.0a0
  - libiconv >=1.17,<2.0a0
  - libjpeg-turbo >=3.0.0,<4.0a0
  - libkml >=1.3.0,<1.4.0a0
  - liblzma >=5.6.4,<6.0a0
  - libpng >=1.6.46,<1.7.0a0
  - libspatialite >=5.1.0,<5.2.0a0
  - libsqlite >=3.48.0,<4.0a0
  - libtiff >=4.7.0,<4.8.0a0
  - libwebp-base >=1.5.0,<2.0a0
  - libxml2 >=2.13.5,<3.0a0
  - libzlib >=1.3.1,<2.0a0
  - lz4-c >=1.10.0,<1.11.0a0
  - openssl >=3.4.1,<4.0a0
  - pcre2 >=10.44,<10.45.0a0
  - proj >=9.5.1,<9.6.0a0
  - ucrt >=10.0.20348.0
  - vc >=14.2,<15
  - vc14_runtime >=14.29.30139
  - xerces-c >=3.2.5,<3.3.0a0
  - zstd >=1.5.6,<1.6.0a0
  constrains:
  - libgdal 3.10.2.*
  license: MIT
  license_family: MIT
  size: 8392331
  timestamp: 1739628560888
- conda: https://conda.anaconda.org/conda-forge/win-64/libheif-1.19.5-gpl_hc631cee_100.conda
  sha256: c0ee7fbbf78e66388146348ba78a206eeadf59602d9ca10ecaf64e019cd70cd3
  md5: 8c77ee62663e5e4bbb60b86ba54fdbeb
  depends:
  - aom >=3.9.1,<3.10.0a0
  - dav1d >=1.2.1,<1.2.2.0a0
  - libavif16 >=1.1.1,<2.0a0
  - libde265 >=1.0.15,<1.0.16.0a0
  - ucrt >=10.0.20348.0
  - vc >=14.2,<15
  - vc14_runtime >=14.29.30139
  - x265 >=3.5,<3.6.0a0
  license: LGPL-3.0-or-later
  license_family: LGPL
  size: 388187
  timestamp: 1735260582529
- conda: https://conda.anaconda.org/conda-forge/win-64/libhwloc-2.11.2-default_ha69328c_1001.conda
  sha256: 850e255997f538d5fb6ed651321141155a33bb781d43d326fc4ff62114dd2842
  md5: b87a0ac5ab6495d8225db5dc72dd21cd
  depends:
  - libwinpthread >=12.0.0.r4.gg4f2fc60ca
  - libxml2 >=2.13.4,<3.0a0
  - ucrt >=10.0.20348.0
  - vc >=14.2,<15
  - vc14_runtime >=14.29.30139
  license: BSD-3-Clause
  license_family: BSD
  size: 2390021
  timestamp: 1731375651179
- conda: https://conda.anaconda.org/conda-forge/win-64/libiconv-1.18-h135ad9c_1.conda
  sha256: ea5ed2b362b6dbc4ba7188eb4eaf576146e3dfc6f4395e9f0db76ad77465f786
  md5: 21fc5dba2cbcd8e5e26ff976a312122c
  depends:
  - ucrt >=10.0.20348.0
  - vc >=14.2,<15
  - vc14_runtime >=14.29.30139
  license: LGPL-2.1-only
  size: 638142
  timestamp: 1740128665984
- conda: https://conda.anaconda.org/conda-forge/win-64/libjpeg-turbo-3.0.0-hcfcfb64_1.conda
  sha256: 4e7808e3098b4b4ed7e287f63bb24f9045cc4d95bfd39f0db870fc2837d74dff
  md5: 3f1b948619c45b1ca714d60c7389092c
  depends:
  - ucrt >=10.0.20348.0
  - vc >=14.2,<15
  - vc14_runtime >=14.29.30139
  constrains:
  - jpeg <0.0.0a
  license: IJG AND BSD-3-Clause AND Zlib
  size: 822966
  timestamp: 1694475223854
- conda: https://conda.anaconda.org/conda-forge/win-64/libkml-1.3.0-h538826c_1021.conda
  sha256: 81a6096a2db500f0c3527ae59398eacca0634c3381559713ab28022d711dd3bd
  md5: 431ec3b40b041576811641e2d643954e
  depends:
  - libexpat >=2.6.2,<3.0a0
  - libzlib >=1.3.1,<2.0a0
  - ucrt >=10.0.20348.0
  - uriparser >=0.9.8,<1.0a0
  - vc >=14.2,<15
  - vc14_runtime >=14.29.30139
  license: BSD-3-Clause
  license_family: BSD
  size: 1651104
  timestamp: 1724667610262
- conda: https://conda.anaconda.org/conda-forge/win-64/liblapack-3.9.0-31_h1aa476e_mkl.conda
  build_number: 31
  sha256: 9415e807aa6f8968322bbd756aab8f487379d809c74266d37c697b8d85c534ad
  md5: 40b47ee720a185289760960fc6185750
  depends:
  - libblas 3.9.0 31_h641d27c_mkl
  constrains:
  - libcblas =3.9.0=31*_mkl
  - blas =2.131=mkl
  - liblapacke =3.9.0=31*_mkl
  license: BSD-3-Clause
  size: 3732648
  timestamp: 1740088548986
- conda: https://conda.anaconda.org/conda-forge/win-64/liblzma-5.6.4-h2466b09_0.conda
  sha256: 3f552b0bdefdd1459ffc827ea3bf70a6a6920c7879d22b6bfd0d73015b55227b
  md5: c48f6ad0ef0a555b27b233dfcab46a90
  depends:
  - ucrt >=10.0.20348.0
  - vc >=14.2,<15
  - vc14_runtime >=14.29.30139
  license: 0BSD
  size: 104465
  timestamp: 1738525557254
- conda: https://conda.anaconda.org/conda-forge/win-64/libmpdec-4.0.0-h2466b09_0.conda
  sha256: fc529fc82c7caf51202cc5cec5bb1c2e8d90edbac6d0a4602c966366efe3c7bf
  md5: 74860100b2029e2523cf480804c76b9b
  depends:
  - ucrt >=10.0.20348.0
  - vc >=14.2,<15
  - vc14_runtime >=14.29.30139
  license: BSD-2-Clause
  license_family: BSD
  size: 88657
  timestamp: 1723861474602
- conda: https://conda.anaconda.org/conda-forge/win-64/libpng-1.6.47-had7236b_0.conda
  sha256: cf8a594b697de103025dcae2c917ec9c100609caf7c917a94c64a683cb1db1ac
  md5: 7d717163d9dab337c65f2bf21a676b8f
  depends:
  - libzlib >=1.3.1,<2.0a0
  - ucrt >=10.0.20348.0
  - vc >=14.2,<15
  - vc14_runtime >=14.29.30139
  license: zlib-acknowledgement
  size: 346101
  timestamp: 1739953426806
- conda: https://conda.anaconda.org/conda-forge/win-64/librttopo-1.1.0-hd4c2148_17.conda
  sha256: 0f4a1c8ed579f96ccb73245b4002d7152a2a8ecd05a01d49901c5d280561f766
  md5: 06ea16b8c60b4ce1970c06191f8639d4
  depends:
  - geos >=3.13.0,<3.13.1.0a0
  - ucrt >=10.0.20348.0
  - vc >=14.2,<15
  - vc14_runtime >=14.29.30139
  license: GPL-2.0-or-later
  license_family: GPL
  size: 404515
  timestamp: 1727265928370
- conda: https://conda.anaconda.org/conda-forge/win-64/libspatialite-5.1.0-h939089a_12.conda
  sha256: fafedc5940e49b3dcce2cd6dfe3cabf64e7cc6b2a0ef7c8fefbf9d6d2c1afb77
  md5: 8b5bfc6caa7c652ec4ec755efb5b7b73
  depends:
  - freexl >=2
  - freexl >=2.0.0,<3.0a0
  - geos >=3.13.0,<3.13.1.0a0
  - librttopo >=1.1.0,<1.2.0a0
  - libsqlite >=3.47.2,<4.0a0
  - libxml2 >=2.13.5,<3.0a0
  - libzlib >=1.3.1,<2.0a0
  - proj >=9.5.1,<9.6.0a0
  - sqlite
  - ucrt >=10.0.20348.0
  - vc >=14.2,<15
  - vc14_runtime >=14.29.30139
  - zlib
  license: MPL-1.1
  license_family: MOZILLA
  size: 8715367
  timestamp: 1734001064515
- conda: https://conda.anaconda.org/conda-forge/win-64/libsqlite-3.49.1-h67fdade_1.conda
  sha256: 08669790e4de89201079e93e8a8d8c51a3cd57a19dd559bb0d5bc6c9a7970b99
  md5: 88931435901c1f13d4e3a472c24965aa
  depends:
  - ucrt >=10.0.20348.0
  - vc >=14.2,<15
  - vc14_runtime >=14.29.30139
  license: Unlicense
  size: 1081190
  timestamp: 1739953491995
- conda: https://conda.anaconda.org/conda-forge/win-64/libssh2-1.11.1-he619c9f_0.conda
  sha256: 4b3256bd2b4e4b3183005d3bd8826d651eccd1a4740b70625afa2b7e7123d191
  md5: af0cbf037dd614c34399b3b3e568c557
  depends:
  - libzlib >=1.3.1,<2.0a0
  - openssl >=3.4.0,<4.0a0
  - ucrt >=10.0.20348.0
  - vc >=14.2,<15
  - vc14_runtime >=14.29.30139
  license: BSD-3-Clause
  license_family: BSD
  size: 291889
  timestamp: 1732349796504
- conda: https://conda.anaconda.org/conda-forge/win-64/libtiff-4.7.0-h797046b_3.conda
  sha256: c363a8baba4ce12b8f01f0ab74fe8b0dc83facd89c6604f4a191084923682768
  md5: defed79ff7a9164ad40320e3f116a138
  depends:
  - lerc >=4.0.0,<5.0a0
  - libdeflate >=1.23,<1.24.0a0
  - libjpeg-turbo >=3.0.0,<4.0a0
  - liblzma >=5.6.3,<6.0a0
  - libzlib >=1.3.1,<2.0a0
  - ucrt >=10.0.20348.0
  - vc >=14.2,<15
  - vc14_runtime >=14.29.30139
  - zstd >=1.5.6,<1.6.0a0
  license: HPND
  size: 978878
  timestamp: 1734399004259
- conda: https://conda.anaconda.org/conda-forge/win-64/libwebp-base-1.5.0-h3b0e114_0.conda
  sha256: 1d75274614e83a5750b8b94f7bad2fc0564c2312ff407e697d99152ed095576f
  md5: 33f7313967072c6e6d8f865f5493c7ae
  depends:
  - ucrt >=10.0.20348.0
  - vc >=14.2,<15
  - vc14_runtime >=14.29.30139
  constrains:
  - libwebp 1.5.0
  license: BSD-3-Clause
  license_family: BSD
  size: 273661
  timestamp: 1734777665516
- conda: https://conda.anaconda.org/conda-forge/win-64/libwinpthread-12.0.0.r4.gg4f2fc60ca-h57928b3_9.conda
  sha256: 373f2973b8a358528b22be5e8d84322c165b4c5577d24d94fd67ad1bb0a0f261
  md5: 08bfa5da6e242025304b206d152479ef
  depends:
  - ucrt
  constrains:
  - pthreads-win32 <0.0a0
  - msys2-conda-epoch <0.0a0
  license: MIT AND BSD-3-Clause-Clear
  size: 35794
  timestamp: 1737099561703
- conda: https://conda.anaconda.org/conda-forge/win-64/libxml2-2.13.6-he286e8c_0.conda
  sha256: 2919f4e9fffefbf3ff6ecd8ebe81584d573c069b2b82eaeed797b1f56ac8d97b
  md5: c66d5bece33033a9c028bbdf1e627ec5
  depends:
  - libiconv >=1.18,<2.0a0
  - libzlib >=1.3.1,<2.0a0
  - ucrt >=10.0.20348.0
  - vc >=14.2,<15
  - vc14_runtime >=14.29.30139
  license: MIT
  license_family: MIT
  size: 1669569
  timestamp: 1739953461426
- conda: https://conda.anaconda.org/conda-forge/win-64/libzlib-1.3.1-h2466b09_2.conda
  sha256: ba945c6493449bed0e6e29883c4943817f7c79cbff52b83360f7b341277c6402
  md5: 41fbfac52c601159df6c01f875de31b9
  depends:
  - ucrt >=10.0.20348.0
  - vc >=14.2,<15
  - vc14_runtime >=14.29.30139
  constrains:
  - zlib 1.3.1 *_2
  license: Zlib
  license_family: Other
  size: 55476
  timestamp: 1727963768015
- conda: https://conda.anaconda.org/conda-forge/win-64/lz4-c-1.10.0-h2466b09_1.conda
  sha256: 632cf3bdaf7a7aeb846de310b6044d90917728c73c77f138f08aa9438fc4d6b5
  md5: 0b69331897a92fac3d8923549d48d092
  depends:
  - ucrt >=10.0.20348.0
  - vc >=14.2,<15
  - vc14_runtime >=14.29.30139
  license: BSD-2-Clause
  license_family: BSD
  size: 139891
  timestamp: 1733741168264
- conda: https://conda.anaconda.org/conda-forge/win-64/lzo-2.10-hcfcfb64_1001.conda
  sha256: 39e176b8cc8fe878d87594fae0504c649d1c2c6d5476dd7238237d19eb825751
  md5: 629f4f4e874cf096eb93a23240910cee
  depends:
  - ucrt >=10.0.20348.0
  - vc >=14.2,<15
  - vc14_runtime >=14.29.30139
  license: GPL-2.0-or-later
  license_family: GPL2
  size: 142771
  timestamp: 1713516312465
- conda: https://conda.anaconda.org/conda-forge/win-64/minizip-4.0.7-h9fa1bad_3.conda
  sha256: 16f329eac4551fe343f77a0c84cae5f9e68a0fb43a641e6ea2d8553053c3fa2e
  md5: 632caee448c60ca5f85bf0748ed24401
  depends:
  - bzip2 >=1.0.8,<2.0a0
  - liblzma >=5.6.3,<6.0a0
  - libzlib >=1.3.1,<2.0a0
  - ucrt >=10.0.20348.0
  - vc >=14.2,<15
  - vc14_runtime >=14.29.30139
  - zstd >=1.5.6,<1.6.0a0
  license: Zlib
  license_family: Other
  size: 85799
  timestamp: 1734012307818
- conda: https://conda.anaconda.org/conda-forge/win-64/mkl-2024.2.2-h66d3029_15.conda
  sha256: 20e52b0389586d0b914a49cd286c5ccc9c47949bed60ca6df004d1d295f2edbd
  md5: 302dff2807f2927b3e9e0d19d60121de
  depends:
  - intel-openmp 2024.*
  - tbb 2021.*
  license: LicenseRef-IntelSimplifiedSoftwareOct2022
  license_family: Proprietary
  size: 103106385
  timestamp: 1730232843711
- conda: https://conda.anaconda.org/conda-forge/win-64/numpy-2.2.3-py313hefb8edb_0.conda
  sha256: 3a659370c9cc673afe3e6ef0e9ab90e316d33518475eb301e6347d91417ba461
  md5: b2e5d9ca9d0a2f47f8e63cbb3c6b1e23
  depends:
  - libblas >=3.9.0,<4.0a0
  - libcblas >=3.9.0,<4.0a0
  - liblapack >=3.9.0,<4.0a0
  - python >=3.13,<3.14.0a0
  - python_abi 3.13.* *_cp313
  - ucrt >=10.0.20348.0
  - vc >=14.2,<15
  - vc14_runtime >=14.29.30139
  constrains:
  - numpy-base <0a0
  license: BSD-3-Clause
  license_family: BSD
  size: 7216883
  timestamp: 1739426611339
- conda: https://conda.anaconda.org/conda-forge/win-64/openssl-3.4.1-ha4e3fda_0.conda
  sha256: 56dcc2b4430bfc1724e32661c34b71ae33a23a14149866fc5645361cfd3b3a6a
  md5: 0730f8094f7088592594f9bf3ae62b3f
  depends:
  - ca-certificates
  - ucrt >=10.0.20348.0
  - vc >=14.2,<15
  - vc14_runtime >=14.29.30139
  license: Apache-2.0
  license_family: Apache
  size: 8515197
  timestamp: 1739304103653
- conda: https://conda.anaconda.org/conda-forge/win-64/pcre2-10.44-h3d7b363_2.conda
  sha256: f4a12cbf8a7c5bfa2592b9dc92b492c438781898e5b02f397979b0be6e1b5851
  md5: a3a3baddcfb8c80db84bec3cb7746fb8
  depends:
  - bzip2 >=1.0.8,<2.0a0
  - libzlib >=1.3.1,<2.0a0
  - ucrt >=10.0.20348.0
  - vc >=14.2,<15
  - vc14_runtime >=14.29.30139
  license: BSD-3-Clause
  license_family: BSD
  size: 820831
  timestamp: 1723489427046
- conda: https://conda.anaconda.org/conda-forge/noarch/pip-25.0.1-pyh145f28c_0.conda
  sha256: b1beb97b230321fc2ae692bd631cd65530c59686151af9d11aaa16df815f9ee8
  md5: 9ba21d75dc722c29827988a575a65707
  depends:
  - python >=3.13.0a0
  license: MIT
  license_family: MIT
  size: 1256777
  timestamp: 1739142856473
- conda: https://conda.anaconda.org/conda-forge/win-64/proj-9.5.1-h4f671f6_0.conda
  sha256: ddd0be6172e3903bc6602a93394e8051826235377c1ce8c6ba2435869794e726
  md5: 7303dac2aa92318f319508aedab6a127
  depends:
  - libcurl >=8.10.1,<9.0a0
  - libsqlite >=3.47.0,<4.0a0
  - libtiff >=4.7.0,<4.8.0a0
  - sqlite
  - ucrt >=10.0.20348.0
  - vc >=14.2,<15
  - vc14_runtime >=14.29.30139
  constrains:
  - proj4 ==999999999999
  license: MIT
  license_family: MIT
  size: 2740461
  timestamp: 1733138695290
- conda: https://conda.anaconda.org/conda-forge/win-64/python-3.13.2-h261c0b1_101_cp313.conda
  build_number: 101
  sha256: b6e7a6f314343926b5a236592272e5014edcda150e14d18d0fb9440d8a185c3f
  md5: 5116c74f5e3e77b915b7b72eea0ec946
  depends:
  - bzip2 >=1.0.8,<2.0a0
  - libexpat >=2.6.4,<3.0a0
  - libffi >=3.4,<4.0a0
  - liblzma >=5.6.4,<6.0a0
  - libmpdec >=4.0.0,<5.0a0
  - libsqlite >=3.48.0,<4.0a0
  - libzlib >=1.3.1,<2.0a0
  - openssl >=3.4.1,<4.0a0
  - python_abi 3.13.* *_cp313
  - tk >=8.6.13,<8.7.0a0
  - tzdata
  - ucrt >=10.0.20348.0
  - vc >=14.2,<15
  - vc14_runtime >=14.29.30139
  license: Python-2.0
  size: 16848398
  timestamp: 1739800686310
  python_site_packages_path: Lib/site-packages
- conda: https://conda.anaconda.org/conda-forge/win-64/python_abi-3.13-5_cp313.conda
  build_number: 5
  sha256: 0c12cc1b84962444002c699ed21e815fb9f686f950d734332a1b74d07db97756
  md5: 44b4fe6f22b57103afb2299935c8b68e
  constrains:
  - python 3.13.* *_cp313
  license: BSD-3-Clause
  license_family: BSD
  size: 6716
  timestamp: 1723823166911
- conda: https://conda.anaconda.org/conda-forge/win-64/rav1e-0.6.6-h975169c_2.conda
  sha256: 3193451440e5ac737b7d5d2a79f9e012d426c0c53e41e60df4992150bfc39565
  md5: bd32cc2ed62374932f9d57a2e3eb2863
  depends:
  - ucrt >=10.0.20348.0
  - vc >=14.2,<15
  - vc14_runtime >=14.29.30139
  license: BSD-2-Clause
  license_family: BSD
  size: 1523119
  timestamp: 1694330157594
- conda: https://conda.anaconda.org/conda-forge/win-64/snappy-1.2.1-h500f7fa_1.conda
  sha256: 29753b51803c0396c3cb56e4f11e68c968a2f43b71b648634bef1f9193f9e78b
  md5: e32fb978aaea855ddce624eb8c8eb69a
  depends:
  - ucrt >=10.0.20348.0
  - vc >=14.2,<15
  - vc14_runtime >=14.29.30139
  license: BSD-3-Clause
  license_family: BSD
  size: 59757
  timestamp: 1733502109991
- conda: https://conda.anaconda.org/conda-forge/win-64/sqlite-3.49.1-h2466b09_1.conda
  sha256: 74f72577619656cac82e65caf321f97b7554775839de0113cbd8fce74e5d0f6f
  md5: 163973102aaae5b6fff2103a94debce9
  depends:
  - libsqlite 3.49.1 h67fdade_1
  - ucrt >=10.0.20348.0
  - vc >=14.2,<15
  - vc14_runtime >=14.29.30139
  license: Unlicense
  size: 1104586
  timestamp: 1739953514395
- conda: https://conda.anaconda.org/conda-forge/win-64/svt-av1-2.3.0-he0c23c2_0.conda
  sha256: c25bf68ef411d41ee29f353acc698c482fdd087426a77398b7b41ce9d968519e
  md5: ac11ae1da661e573b71870b1191ce079
  depends:
  - ucrt >=10.0.20348.0
  - vc >=14.2,<15
  - vc14_runtime >=14.29.30139
  license: BSD-2-Clause
  license_family: BSD
  size: 1845727
  timestamp: 1730246453216
- conda: https://conda.anaconda.org/conda-forge/win-64/tbb-2021.13.0-h62715c5_1.conda
  sha256: 03cc5442046485b03dd1120d0f49d35a7e522930a2ab82f275e938e17b07b302
  md5: 9190dd0a23d925f7602f9628b3aed511
  depends:
  - libhwloc >=2.11.2,<2.11.3.0a0
  - ucrt >=10.0.20348.0
  - vc >=14.2,<15
  - vc14_runtime >=14.29.30139
  license: Apache-2.0
  license_family: APACHE
  size: 151460
  timestamp: 1732982860332
- conda: https://conda.anaconda.org/conda-forge/win-64/tk-8.6.13-h5226925_1.conda
  sha256: 2c4e914f521ccb2718946645108c9bd3fc3216ba69aea20c2c3cedbd8db32bb1
  md5: fc048363eb8f03cd1737600a5d08aafe
  depends:
  - ucrt >=10.0.20348.0
  - vc >=14.2,<15
  - vc14_runtime >=14.29.30139
  license: TCL
  license_family: BSD
  size: 3503410
  timestamp: 1699202577803
- conda: https://conda.anaconda.org/conda-forge/noarch/tzdata-2025a-h78e105d_0.conda
  sha256: c4b1ae8a2931fe9b274c44af29c5475a85b37693999f8c792dad0f8c6734b1de
  md5: dbcace4706afdfb7eb891f7b37d07c04
  license: LicenseRef-Public-Domain
  size: 122921
  timestamp: 1737119101255
- conda: https://conda.anaconda.org/conda-forge/win-64/ucrt-10.0.22621.0-h57928b3_1.conda
  sha256: db8dead3dd30fb1a032737554ce91e2819b43496a0db09927edf01c32b577450
  md5: 6797b005cd0f439c4c5c9ac565783700
  constrains:
  - vs2015_runtime >=14.29.30037
  license: LicenseRef-MicrosoftWindowsSDK10
  size: 559710
  timestamp: 1728377334097
- conda: https://conda.anaconda.org/conda-forge/win-64/uriparser-0.9.8-h5a68840_0.conda
  sha256: ed0eed8ed0343d29cdbfaeb1bfd141f090af696547d69f91c18f46350299f00d
  md5: 28b4cf9065681f43cc567410edf8243d
  depends:
  - ucrt >=10.0.20348.0
  - vc >=14.2,<15
  - vc14_runtime >=14.29.30139
  license: BSD-3-Clause
  license_family: BSD
  size: 49181
  timestamp: 1715010467661
- conda: https://conda.anaconda.org/conda-forge/win-64/vc-14.3-h5fd82a7_24.conda
  sha256: 7ce178cf139ccea5079f9c353b3d8415d1d49b0a2f774662c355d3f89163d7b4
  md5: 00cf3a61562bd53bd5ea99e6888793d0
  depends:
  - vc14_runtime >=14.40.33810
  track_features:
  - vc14
  license: BSD-3-Clause
  license_family: BSD
  size: 17693
  timestamp: 1737627189024
- conda: https://conda.anaconda.org/conda-forge/win-64/vc14_runtime-14.42.34433-h6356254_24.conda
  sha256: abda97b8728cf6e3c37df8f1178adde7219bed38b96e392cb3be66336386d32e
  md5: 2441e010ee255e6a38bf16705a756e94
  depends:
  - ucrt >=10.0.20348.0
  constrains:
  - vs2015_runtime 14.42.34433.* *_24
  license: LicenseRef-MicrosoftVisualCpp2015-2022Runtime
  license_family: Proprietary
  size: 753531
  timestamp: 1737627061911
- conda: https://conda.anaconda.org/conda-forge/win-64/vs2015_runtime-14.42.34433-hfef2bbc_24.conda
  sha256: 09102e0bd283af65772c052d85028410b0c31989b3cd96c260485d28e270836e
  md5: 117fcc5b86c48f3b322b0722258c7259
  depends:
  - vc14_runtime >=14.42.34433
  license: BSD-3-Clause
  license_family: BSD
  size: 17669
  timestamp: 1737627066773
- conda: https://conda.anaconda.org/conda-forge/win-64/x265-3.5-h2d74725_3.tar.bz2
  sha256: 02b9874049112f2b7335c9a3e880ac05d99a08d9a98160c5a98898b2b3ac42b2
  md5: ca7129a334198f08347fb19ac98a2de9
  depends:
  - vc >=14.1,<15
  - vs2015_runtime >=14.16.27033
  license: GPL-2.0-or-later
  license_family: GPL
  size: 5517425
  timestamp: 1646611941216
- conda: https://conda.anaconda.org/conda-forge/win-64/xerces-c-3.2.5-he0c23c2_2.conda
  sha256: 759ae22a0a221dc1c0ba39684b0dcf696aab4132478e17e56a0366ded519e54e
  md5: 82b6eac3c198271e98b48d52d79726d8
  depends:
  - ucrt >=10.0.20348.0
  - vc >=14.2,<15
  - vc14_runtime >=14.29.30139
  license: Apache-2.0
  license_family: Apache
  size: 3574017
  timestamp: 1727734520239
- conda: https://conda.anaconda.org/conda-forge/win-64/zlib-1.3.1-h2466b09_2.conda
  sha256: 8c688797ba23b9ab50cef404eca4d004a948941b6ee533ead0ff3bf52012528c
  md5: be60c4e8efa55fddc17b4131aa47acbd
  depends:
  - libzlib 1.3.1 h2466b09_2
  - ucrt >=10.0.20348.0
  - vc >=14.2,<15
  - vc14_runtime >=14.29.30139
  license: Zlib
  license_family: Other
  size: 107439
  timestamp: 1727963788936
- conda: https://conda.anaconda.org/conda-forge/win-64/zstd-1.5.7-hbeecb71_0.conda
  sha256: 0d162df20a547072234b2716bc7b5f8e8d111f70a2eff29b739761d49c63d135
  md5: bac46723604a91de9471a5e72f4f9767
  depends:
  - libzlib >=1.3.1,<2.0a0
  - ucrt >=10.0.20348.0
  - vc >=14.2,<15
  - vc14_runtime >=14.29.30139
  license: BSD-3-Clause
  size: 352853
  timestamp: 1740024721160
